
Microsoft Visual Studio Solution File, Format Version 12.00
# Visual Studio Version 17
VisualStudioVersion = 17.2.32516.85
MinimumVisualStudioVersion = 10.0.40219.1
Project("{FAE04EC0-301F-11D3-BF4B-00C04F79EFBC}") = "EMI", "EMI\EMI.csproj", "{E73775B8-58DD-45A6-A686-BD5878F7E5CA}"
EndProject
Project("{FAE04EC0-301F-11D3-BF4B-00C04F79EFBC}") = "SmartPackager", "..\SmartPackager\SmartPackager\SmartPackager.csproj", "{7BB03A3C-B5ED-474D-89B0-C457630C5CFE}"
EndProject
Project("{FAE04EC0-301F-11D3-BF4B-00C04F79EFBC}") = "NetBaseTCP", "NetBaseTCP\NetBaseTCP.csproj", "{FE1DEB7C-FA5E-4DA1-B2E2-58530B36F40A}"
EndProject
Project("{FAE04EC0-301F-11D3-BF4B-00C04F79EFBC}") = "TestEMI", "TestEMI\TestEMI.csproj", "{57F3D130-C1FD-451B-9698-967305D84D35}"
EndProject
Project("{FAE04EC0-301F-11D3-BF4B-00C04F79EFBC}") = "EMI.SyncInterface", "EMI.SyncInteface\EMI.SyncInterface.csproj", "{F0668ED0-3407-49C9-9C96-C32408E10C9F}"
EndProject
Project("{FAE04EC0-301F-11D3-BF4B-00C04F79EFBC}") = "TestSyncInterface", "TestSyncInterface\TestSyncInterface.csproj", "{9E1B1F62-C2F4-4F84-9523-4842B014289D}"
EndProject
Project("{FAE04EC0-301F-11D3-BF4B-00C04F79EFBC}") = "TestNetBaseTCP", "TestNetBaseTCP\TestNetBaseTCP.csproj", "{4CFE6EA2-8683-41EA-A596-5C9CCC5CB3C1}"
EndProject
Project("{9A19103F-16F7-4668-BE54-9A1E7A4F7556}") = "EMI.Test", "EMI.Test\EMI.Test.csproj", "{A77052B7-B2C3-4CDB-8FE7-D25D1317EF1B}"
EndProject
Project("{2150E333-8FDC-42A3-9474-1A3956D46DE8}") = "Test", "Test", "{2B74D10D-0A6B-4E98-A9B6-F1A857948C19}"
EndProject
Project("{2150E333-8FDC-42A3-9474-1A3956D46DE8}") = "Libs", "Libs", "{AAC13F4A-49B2-433D-BE97-31C49D06B09A}"
EndProject
Project("{FAE04EC0-301F-11D3-BF4B-00C04F79EFBC}") = "EMI.DebugServer", "EMI.DebugServer\EMI.DebugServer.csproj", "{9380DB8F-AD7D-4FF8-BE16-E692D0C39D57}"
EndProject
Project("{9A19103F-16F7-4668-BE54-9A1E7A4F7556}") = "EMI.Debugger", "EMI.Debugger\EMI.Debugger.csproj", "{DDA27D37-B2EE-4CB8-B782-97E746AF804C}"
EndProject
Project("{FAE04EC0-301F-11D3-BF4B-00C04F79EFBC}") = "EMI.NetStream", "EMI.NetStream\EMI.NetStream.csproj", "{0005301B-37DC-4BA5-A60B-56E827717A78}"
EndProject
Project("{FAE04EC0-301F-11D3-BF4B-00C04F79EFBC}") = "EMI.NetParallelTCP", "EMI.NetParallelTCP\EMI.NetParallelTCP.csproj", "{4A840A02-B5B7-4FD7-9B52-CBECF354E9BD}"
EndProject
Project("{9A19103F-16F7-4668-BE54-9A1E7A4F7556}") = "TestNetFileStream", "TestNetFileStream\TestNetFileStream.csproj", "{9D0222D8-3620-499D-8288-8F58894267E0}"
EndProject
Project("{2150E333-8FDC-42A3-9474-1A3956D46DE8}") = "Элементы решения", "Элементы решения", "{90E47AA7-D8B2-482B-83BD-625D60D0B298}"
	ProjectSection(SolutionItems) = preProject
		LICENSE.txt = LICENSE.txt
		README.md = README.md
	EndProjectSection
EndProject
Project("{FAE04EC0-301F-11D3-BF4B-00C04F79EFBC}") = "EMI.NetTCPV3", "EMI.NetTCPV3\EMI.NetTCPV3.csproj", "{690C9063-3950-49B7-94D8-EDADA832C8F4}"
EndProject
Project("{2150E333-8FDC-42A3-9474-1A3956D46DE8}") = "Network Plugs", "Network Plugs", "{E4B941B2-E40C-4B8B-B8B5-6D8799C680EB}"
EndProject
Project("{FAE04EC0-301F-11D3-BF4B-00C04F79EFBC}") = "Test.NetTCP", "Test.NetTCP\Test.NetTCP.csproj", "{E2900184-EAA1-4708-AE68-41D3C747AB7C}"
EndProject
Global
	GlobalSection(SolutionConfigurationPlatforms) = preSolution
		Debug|Any CPU = Debug|Any CPU
		Release|Any CPU = Release|Any CPU
	EndGlobalSection
	GlobalSection(ProjectConfigurationPlatforms) = postSolution
		{E73775B8-58DD-45A6-A686-BD5878F7E5CA}.Debug|Any CPU.ActiveCfg = Debug|Any CPU
		{E73775B8-58DD-45A6-A686-BD5878F7E5CA}.Debug|Any CPU.Build.0 = Debug|Any CPU
		{E73775B8-58DD-45A6-A686-BD5878F7E5CA}.Release|Any CPU.ActiveCfg = Release|Any CPU
		{E73775B8-58DD-45A6-A686-BD5878F7E5CA}.Release|Any CPU.Build.0 = Release|Any CPU
		{7BB03A3C-B5ED-474D-89B0-C457630C5CFE}.Debug|Any CPU.ActiveCfg = Debug|Any CPU
		{7BB03A3C-B5ED-474D-89B0-C457630C5CFE}.Debug|Any CPU.Build.0 = Debug|Any CPU
		{7BB03A3C-B5ED-474D-89B0-C457630C5CFE}.Release|Any CPU.ActiveCfg = Release|Any CPU
		{7BB03A3C-B5ED-474D-89B0-C457630C5CFE}.Release|Any CPU.Build.0 = Release|Any CPU
		{FE1DEB7C-FA5E-4DA1-B2E2-58530B36F40A}.Debug|Any CPU.ActiveCfg = Debug|Any CPU
		{FE1DEB7C-FA5E-4DA1-B2E2-58530B36F40A}.Debug|Any CPU.Build.0 = Debug|Any CPU
		{FE1DEB7C-FA5E-4DA1-B2E2-58530B36F40A}.Release|Any CPU.ActiveCfg = Release|Any CPU
		{FE1DEB7C-FA5E-4DA1-B2E2-58530B36F40A}.Release|Any CPU.Build.0 = Release|Any CPU
		{57F3D130-C1FD-451B-9698-967305D84D35}.Debug|Any CPU.ActiveCfg = Debug|Any CPU
		{57F3D130-C1FD-451B-9698-967305D84D35}.Debug|Any CPU.Build.0 = Debug|Any CPU
		{57F3D130-C1FD-451B-9698-967305D84D35}.Release|Any CPU.ActiveCfg = Release|Any CPU
		{57F3D130-C1FD-451B-9698-967305D84D35}.Release|Any CPU.Build.0 = Release|Any CPU
		{F0668ED0-3407-49C9-9C96-C32408E10C9F}.Debug|Any CPU.ActiveCfg = Debug|Any CPU
		{F0668ED0-3407-49C9-9C96-C32408E10C9F}.Debug|Any CPU.Build.0 = Debug|Any CPU
		{F0668ED0-3407-49C9-9C96-C32408E10C9F}.Release|Any CPU.ActiveCfg = Release|Any CPU
		{F0668ED0-3407-49C9-9C96-C32408E10C9F}.Release|Any CPU.Build.0 = Release|Any CPU
		{9E1B1F62-C2F4-4F84-9523-4842B014289D}.Debug|Any CPU.ActiveCfg = Debug|Any CPU
		{9E1B1F62-C2F4-4F84-9523-4842B014289D}.Debug|Any CPU.Build.0 = Debug|Any CPU
		{9E1B1F62-C2F4-4F84-9523-4842B014289D}.Release|Any CPU.ActiveCfg = Release|Any CPU
		{9E1B1F62-C2F4-4F84-9523-4842B014289D}.Release|Any CPU.Build.0 = Release|Any CPU
		{4CFE6EA2-8683-41EA-A596-5C9CCC5CB3C1}.Debug|Any CPU.ActiveCfg = Debug|Any CPU
		{4CFE6EA2-8683-41EA-A596-5C9CCC5CB3C1}.Debug|Any CPU.Build.0 = Debug|Any CPU
		{4CFE6EA2-8683-41EA-A596-5C9CCC5CB3C1}.Release|Any CPU.ActiveCfg = Release|Any CPU
		{4CFE6EA2-8683-41EA-A596-5C9CCC5CB3C1}.Release|Any CPU.Build.0 = Release|Any CPU
		{A77052B7-B2C3-4CDB-8FE7-D25D1317EF1B}.Debug|Any CPU.ActiveCfg = Debug|Any CPU
		{A77052B7-B2C3-4CDB-8FE7-D25D1317EF1B}.Debug|Any CPU.Build.0 = Debug|Any CPU
		{A77052B7-B2C3-4CDB-8FE7-D25D1317EF1B}.Release|Any CPU.ActiveCfg = Release|Any CPU
		{A77052B7-B2C3-4CDB-8FE7-D25D1317EF1B}.Release|Any CPU.Build.0 = Release|Any CPU
		{9380DB8F-AD7D-4FF8-BE16-E692D0C39D57}.Debug|Any CPU.ActiveCfg = Debug|Any CPU
		{9380DB8F-AD7D-4FF8-BE16-E692D0C39D57}.Debug|Any CPU.Build.0 = Debug|Any CPU
		{9380DB8F-AD7D-4FF8-BE16-E692D0C39D57}.Release|Any CPU.ActiveCfg = Release|Any CPU
		{9380DB8F-AD7D-4FF8-BE16-E692D0C39D57}.Release|Any CPU.Build.0 = Release|Any CPU
		{DDA27D37-B2EE-4CB8-B782-97E746AF804C}.Debug|Any CPU.ActiveCfg = Debug|Any CPU
		{DDA27D37-B2EE-4CB8-B782-97E746AF804C}.Debug|Any CPU.Build.0 = Debug|Any CPU
		{DDA27D37-B2EE-4CB8-B782-97E746AF804C}.Release|Any CPU.ActiveCfg = Release|Any CPU
		{DDA27D37-B2EE-4CB8-B782-97E746AF804C}.Release|Any CPU.Build.0 = Release|Any CPU
		{0005301B-37DC-4BA5-A60B-56E827717A78}.Debug|Any CPU.ActiveCfg = Debug|Any CPU
		{0005301B-37DC-4BA5-A60B-56E827717A78}.Debug|Any CPU.Build.0 = Debug|Any CPU
		{0005301B-37DC-4BA5-A60B-56E827717A78}.Release|Any CPU.ActiveCfg = Release|Any CPU
		{0005301B-37DC-4BA5-A60B-56E827717A78}.Release|Any CPU.Build.0 = Release|Any CPU
		{4A840A02-B5B7-4FD7-9B52-CBECF354E9BD}.Debug|Any CPU.ActiveCfg = Debug|Any CPU
		{4A840A02-B5B7-4FD7-9B52-CBECF354E9BD}.Debug|Any CPU.Build.0 = Debug|Any CPU
		{4A840A02-B5B7-4FD7-9B52-CBECF354E9BD}.Release|Any CPU.ActiveCfg = Release|Any CPU
		{4A840A02-B5B7-4FD7-9B52-CBECF354E9BD}.Release|Any CPU.Build.0 = Release|Any CPU
		{9D0222D8-3620-499D-8288-8F58894267E0}.Debug|Any CPU.ActiveCfg = Debug|Any CPU
		{9D0222D8-3620-499D-8288-8F58894267E0}.Debug|Any CPU.Build.0 = Debug|Any CPU
		{9D0222D8-3620-499D-8288-8F58894267E0}.Release|Any CPU.ActiveCfg = Release|Any CPU
		{9D0222D8-3620-499D-8288-8F58894267E0}.Release|Any CPU.Build.0 = Release|Any CPU
		{690C9063-3950-49B7-94D8-EDADA832C8F4}.Debug|Any CPU.ActiveCfg = Debug|Any CPU
		{690C9063-3950-49B7-94D8-EDADA832C8F4}.Debug|Any CPU.Build.0 = Debug|Any CPU
		{690C9063-3950-49B7-94D8-EDADA832C8F4}.Release|Any CPU.ActiveCfg = Release|Any CPU
		{690C9063-3950-49B7-94D8-EDADA832C8F4}.Release|Any CPU.Build.0 = Release|Any CPU
		{E2900184-EAA1-4708-AE68-41D3C747AB7C}.Debug|Any CPU.ActiveCfg = Debug|Any CPU
		{E2900184-EAA1-4708-AE68-41D3C747AB7C}.Debug|Any CPU.Build.0 = Debug|Any CPU
		{E2900184-EAA1-4708-AE68-41D3C747AB7C}.Release|Any CPU.ActiveCfg = Release|Any CPU
		{E2900184-EAA1-4708-AE68-41D3C747AB7C}.Release|Any CPU.Build.0 = Release|Any CPU
	EndGlobalSection
	GlobalSection(SolutionProperties) = preSolution
		HideSolutionNode = FALSE
	EndGlobalSection
	GlobalSection(NestedProjects) = preSolution
		{7BB03A3C-B5ED-474D-89B0-C457630C5CFE} = {AAC13F4A-49B2-433D-BE97-31C49D06B09A}
		{FE1DEB7C-FA5E-4DA1-B2E2-58530B36F40A} = {E4B941B2-E40C-4B8B-B8B5-6D8799C680EB}
		{57F3D130-C1FD-451B-9698-967305D84D35} = {2B74D10D-0A6B-4E98-A9B6-F1A857948C19}
		{9E1B1F62-C2F4-4F84-9523-4842B014289D} = {2B74D10D-0A6B-4E98-A9B6-F1A857948C19}
		{4CFE6EA2-8683-41EA-A596-5C9CCC5CB3C1} = {2B74D10D-0A6B-4E98-A9B6-F1A857948C19}
		{A77052B7-B2C3-4CDB-8FE7-D25D1317EF1B} = {2B74D10D-0A6B-4E98-A9B6-F1A857948C19}
		{4A840A02-B5B7-4FD7-9B52-CBECF354E9BD} = {E4B941B2-E40C-4B8B-B8B5-6D8799C680EB}
		{9D0222D8-3620-499D-8288-8F58894267E0} = {2B74D10D-0A6B-4E98-A9B6-F1A857948C19}
		{690C9063-3950-49B7-94D8-EDADA832C8F4} = {E4B941B2-E40C-4B8B-B8B5-6D8799C680EB}
		{E2900184-EAA1-4708-AE68-41D3C747AB7C} = {2B74D10D-0A6B-4E98-A9B6-F1A857948C19}
	EndGlobalSection
	GlobalSection(ExtensibilityGlobals) = postSolution
		SolutionGuid = {1E02DC02-48B5-465D-89DB-0F4E22838E0E}
	EndGlobalSection
EndGlobal
